
Microsoft Visual Studio Solution File, Format Version 12.00
# Visual Studio 15
VisualStudioVersion = 15.0.27130.2003
MinimumVisualStudioVersion = 10.0.40219.1
Project("{E24C65DC-7377-472B-9ABA-BC803B73C61A}") = "LB", "LB\", "{0122B0ED-ADF0-4568-A61D-DE7A731EB1EE}"
	ProjectSection(WebsiteProperties) = preProject
		TargetFrameworkMoniker = ".NETFramework,Version%3Dv4.6.1"
		Debug.AspNetCompiler.VirtualPath = "/localhost_59979"
		Debug.AspNetCompiler.PhysicalPath = "LB\"
		Debug.AspNetCompiler.TargetPath = "PrecompiledWeb\localhost_59979\"
		Debug.AspNetCompiler.Updateable = "true"
		Debug.AspNetCompiler.ForceOverwrite = "true"
		Debug.AspNetCompiler.FixedNames = "false"
		Debug.AspNetCompiler.Debug = "True"
		Release.AspNetCompiler.VirtualPath = "/localhost_59979"
		Release.AspNetCompiler.PhysicalPath = "LB\"
		Release.AspNetCompiler.TargetPath = "PrecompiledWeb\localhost_59979\"
		Release.AspNetCompiler.Updateable = "true"
		Release.AspNetCompiler.ForceOverwrite = "true"
		Release.AspNetCompiler.FixedNames = "false"
		Release.AspNetCompiler.Debug = "False"
		VWDPort = "59979"
		SlnRelativePath = "LB\"
		DefaultWebSiteLanguage = "Visual Basic"
	EndProjectSection
EndProject
Global
	GlobalSection(SolutionConfigurationPlatforms) = preSolution
		Debug|Any CPU = Debug|Any CPU
	EndGlobalSection
	GlobalSection(ProjectConfigurationPlatforms) = postSolution
		{0122B0ED-ADF0-4568-A61D-DE7A731EB1EE}.Debug|Any CPU.ActiveCfg = Debug|Any CPU
		{0122B0ED-ADF0-4568-A61D-DE7A731EB1EE}.Debug|Any CPU.Build.0 = Debug|Any CPU
	EndGlobalSection
	GlobalSection(SolutionProperties) = preSolution
		HideSolutionNode = FALSE
	EndGlobalSection
	GlobalSection(ExtensibilityGlobals) = postSolution
		SolutionGuid = {7415FC51-FC04-42EE-9389-7730DCB98133}
	EndGlobalSection
EndGlobal
